// !$*UTF8*$!
{
	archiveVersion = 1;
	classes = {
	};
	objectVersion = 56;
	objects = {

/* Begin PBXBuildFile section */
		4450DE9F2B850654007C0841 /* WheresMyStuffApp.swift in Sources */ = {isa = PBXBuildFile; fileRef = 4450DE9E2B850654007C0841 /* WheresMyStuffApp.swift */; };
		4450DEA12B850654007C0841 /* BrowseView.swift in Sources */ = {isa = PBXBuildFile; fileRef = 4450DEA02B850654007C0841 /* BrowseView.swift */; };
		4450DEA32B850656007C0841 /* Assets.xcassets in Resources */ = {isa = PBXBuildFile; fileRef = 4450DEA22B850656007C0841 /* Assets.xcassets */; };
		4450DEA62B850656007C0841 /* Preview Assets.xcassets in Resources */ = {isa = PBXBuildFile; fileRef = 4450DEA52B850656007C0841 /* Preview Assets.xcassets */; };
		4450DEAF2B8513F6007C0841 /* TabBarView.swift in Sources */ = {isa = PBXBuildFile; fileRef = 4450DEAE2B8513F6007C0841 /* TabBarView.swift */; };
		4450DEB12B8515DD007C0841 /* SearchView.swift in Sources */ = {isa = PBXBuildFile; fileRef = 4450DEB02B8515DD007C0841 /* SearchView.swift */; };
		4450DEB32B851790007C0841 /* AddItemView.swift in Sources */ = {isa = PBXBuildFile; fileRef = 4450DEB22B851790007C0841 /* AddItemView.swift */; };
		4450DEB72B85A1B7007C0841 /* RecentsCards.swift in Sources */ = {isa = PBXBuildFile; fileRef = 4450DEB62B85A1B7007C0841 /* RecentsCards.swift */; };
		4452A2062BB23D20004FE96D /* Localizable.xcstrings in Resources */ = {isa = PBXBuildFile; fileRef = 4452A2052BB23D20004FE96D /* Localizable.xcstrings */; };
		44592F702B9FDB980047E8B5 /* ItemSheetView.swift in Sources */ = {isa = PBXBuildFile; fileRef = 44592F6F2B9FDB980047E8B5 /* ItemSheetView.swift */; };
		44592F9A2BA139F50047E8B5 /* FormView.swift in Sources */ = {isa = PBXBuildFile; fileRef = 44592F992BA139F50047E8B5 /* FormView.swift */; };
		44592F9D2BA36D310047E8B5 /* CategoryItemsListView.swift in Sources */ = {isa = PBXBuildFile; fileRef = 44592F9C2BA36D310047E8B5 /* CategoryItemsListView.swift */; };
		44592FAB2BA67EC80047E8B5 /* ImagePicker.swift in Sources */ = {isa = PBXBuildFile; fileRef = 44592FAA2BA67EC80047E8B5 /* ImagePicker.swift */; };
		44592FC32BACB2790047E8B5 /* ImageView.swift in Sources */ = {isa = PBXBuildFile; fileRef = 44592FC22BACB2790047E8B5 /* ImageView.swift */; };
		44592FC52BACC8800047E8B5 /* EditFormView.swift in Sources */ = {isa = PBXBuildFile; fileRef = 44592FC42BACC8800047E8B5 /* EditFormView.swift */; };
		44592FC72BACE20B0047E8B5 /* ZoomScrollView.swift in Sources */ = {isa = PBXBuildFile; fileRef = 44592FC62BACE20B0047E8B5 /* ZoomScrollView.swift */; };
		44651AD02B8EB802009F2BFF /* ItemDataModel.swift in Sources */ = {isa = PBXBuildFile; fileRef = 44651ACF2B8EB802009F2BFF /* ItemDataModel.swift */; };
		44651AD32B91013A009F2BFF /* ItemCell.swift in Sources */ = {isa = PBXBuildFile; fileRef = 44651AD22B91013A009F2BFF /* ItemCell.swift */; };
		44651AD52B918664009F2BFF /* ItemsListView.swift in Sources */ = {isa = PBXBuildFile; fileRef = 44651AD42B918664009F2BFF /* ItemsListView.swift */; };
		44651AD72B93B93B009F2BFF /* CategoryDataModel.swift in Sources */ = {isa = PBXBuildFile; fileRef = 44651AD62B93B93B009F2BFF /* CategoryDataModel.swift */; };
		44651AD92B93BA15009F2BFF /* ContentView.swift in Sources */ = {isa = PBXBuildFile; fileRef = 44651AD82B93BA15009F2BFF /* ContentView.swift */; };
		44651ADB2B93C003009F2BFF /* CustomContainer.swift in Sources */ = {isa = PBXBuildFile; fileRef = 44651ADA2B93C003009F2BFF /* CustomContainer.swift */; };
		44651ADD2B93EDE7009F2BFF /* Category.swift in Sources */ = {isa = PBXBuildFile; fileRef = 44651ADC2B93EDE7009F2BFF /* Category.swift */; };
		44651AE12B977DF7009F2BFF /* ItemCardView.swift in Sources */ = {isa = PBXBuildFile; fileRef = 44651AE02B977DF7009F2BFF /* ItemCardView.swift */; };
		44651AE52B97C5D7009F2BFF /* RecentlyViewedView.swift in Sources */ = {isa = PBXBuildFile; fileRef = 44651AE42B97C5D7009F2BFF /* RecentlyViewedView.swift */; };
		44E2EC692BC0736C00860D63 /* LaunchScreen.storyboard in Resources */ = {isa = PBXBuildFile; fileRef = 44E2EC682BC0736C00860D63 /* LaunchScreen.storyboard */; };
		44E836D02BC33306007A19FE /* SwiftUI_NotificationBanner in Frameworks */ = {isa = PBXBuildFile; productRef = 44E836CF2BC33306007A19FE /* SwiftUI_NotificationBanner */; };
		44E836D82BC37986007A19FE /* CameraManager.swift in Sources */ = {isa = PBXBuildFile; fileRef = 44E836D72BC37986007A19FE /* CameraManager.swift */; };
		44E836DA2BC6EDB6007A19FE /* AddCategoryView.swift in Sources */ = {isa = PBXBuildFile; fileRef = 44E836D92BC6EDB6007A19FE /* AddCategoryView.swift */; };
/* End PBXBuildFile section */

/* Begin PBXFileReference section */
		4450DE9B2B850654007C0841 /* WheresMyStuff.app */ = {isa = PBXFileReference; explicitFileType = wrapper.application; includeInIndex = 0; path = WheresMyStuff.app; sourceTree = BUILT_PRODUCTS_DIR; };
		4450DE9E2B850654007C0841 /* WheresMyStuffApp.swift */ = {isa = PBXFileReference; lastKnownFileType = sourcecode.swift; path = WheresMyStuffApp.swift; sourceTree = "<group>"; };
		4450DEA02B850654007C0841 /* BrowseView.swift */ = {isa = PBXFileReference; lastKnownFileType = sourcecode.swift; path = BrowseView.swift; sourceTree = "<group>"; };
		4450DEA22B850656007C0841 /* Assets.xcassets */ = {isa = PBXFileReference; lastKnownFileType = folder.assetcatalog; path = Assets.xcassets; sourceTree = "<group>"; };
		4450DEA52B850656007C0841 /* Preview Assets.xcassets */ = {isa = PBXFileReference; lastKnownFileType = folder.assetcatalog; path = "Preview Assets.xcassets"; sourceTree = "<group>"; };
		4450DEAE2B8513F6007C0841 /* TabBarView.swift */ = {isa = PBXFileReference; lastKnownFileType = sourcecode.swift; path = TabBarView.swift; sourceTree = "<group>"; };
		4450DEB02B8515DD007C0841 /* SearchView.swift */ = {isa = PBXFileReference; lastKnownFileType = sourcecode.swift; path = SearchView.swift; sourceTree = "<group>"; };
		4450DEB22B851790007C0841 /* AddItemView.swift */ = {isa = PBXFileReference; lastKnownFileType = sourcecode.swift; path = AddItemView.swift; sourceTree = "<group>"; };
		4450DEB62B85A1B7007C0841 /* RecentsCards.swift */ = {isa = PBXFileReference; lastKnownFileType = sourcecode.swift; path = RecentsCards.swift; sourceTree = "<group>"; };
		4452A2052BB23D20004FE96D /* Localizable.xcstrings */ = {isa = PBXFileReference; lastKnownFileType = text.json.xcstrings; path = Localizable.xcstrings; sourceTree = "<group>"; };
		44592F6F2B9FDB980047E8B5 /* ItemSheetView.swift */ = {isa = PBXFileReference; lastKnownFileType = sourcecode.swift; path = ItemSheetView.swift; sourceTree = "<group>"; };
		44592F992BA139F50047E8B5 /* FormView.swift */ = {isa = PBXFileReference; lastKnownFileType = sourcecode.swift; path = FormView.swift; sourceTree = "<group>"; };
		44592F9C2BA36D310047E8B5 /* CategoryItemsListView.swift */ = {isa = PBXFileReference; lastKnownFileType = sourcecode.swift; path = CategoryItemsListView.swift; sourceTree = SOURCE_ROOT; };
		44592FAA2BA67EC80047E8B5 /* ImagePicker.swift */ = {isa = PBXFileReference; lastKnownFileType = sourcecode.swift; name = ImagePicker.swift; path = WheresMyStuff/Model/ImagePicker.swift; sourceTree = SOURCE_ROOT; };
		44592FC22BACB2790047E8B5 /* ImageView.swift */ = {isa = PBXFileReference; lastKnownFileType = sourcecode.swift; path = ImageView.swift; sourceTree = "<group>"; };
		44592FC42BACC8800047E8B5 /* EditFormView.swift */ = {isa = PBXFileReference; lastKnownFileType = sourcecode.swift; path = EditFormView.swift; sourceTree = "<group>"; };
		44592FC62BACE20B0047E8B5 /* ZoomScrollView.swift */ = {isa = PBXFileReference; lastKnownFileType = sourcecode.swift; path = ZoomScrollView.swift; sourceTree = "<group>"; };
		44651ACF2B8EB802009F2BFF /* ItemDataModel.swift */ = {isa = PBXFileReference; lastKnownFileType = sourcecode.swift; path = ItemDataModel.swift; sourceTree = "<group>"; };
		44651AD22B91013A009F2BFF /* ItemCell.swift */ = {isa = PBXFileReference; lastKnownFileType = sourcecode.swift; path = ItemCell.swift; sourceTree = "<group>"; };
		44651AD42B918664009F2BFF /* ItemsListView.swift */ = {isa = PBXFileReference; lastKnownFileType = sourcecode.swift; path = ItemsListView.swift; sourceTree = "<group>"; };
		44651AD62B93B93B009F2BFF /* CategoryDataModel.swift */ = {isa = PBXFileReference; lastKnownFileType = sourcecode.swift; path = CategoryDataModel.swift; sourceTree = "<group>"; };
		44651AD82B93BA15009F2BFF /* ContentView.swift */ = {isa = PBXFileReference; lastKnownFileType = sourcecode.swift; path = ContentView.swift; sourceTree = "<group>"; };
		44651ADA2B93C003009F2BFF /* CustomContainer.swift */ = {isa = PBXFileReference; lastKnownFileType = sourcecode.swift; path = CustomContainer.swift; sourceTree = "<group>"; };
		44651ADC2B93EDE7009F2BFF /* Category.swift */ = {isa = PBXFileReference; lastKnownFileType = sourcecode.swift; path = Category.swift; sourceTree = "<group>"; };
		44651AE02B977DF7009F2BFF /* ItemCardView.swift */ = {isa = PBXFileReference; lastKnownFileType = sourcecode.swift; path = ItemCardView.swift; sourceTree = "<group>"; };
		44651AE42B97C5D7009F2BFF /* RecentlyViewedView.swift */ = {isa = PBXFileReference; lastKnownFileType = sourcecode.swift; path = RecentlyViewedView.swift; sourceTree = "<group>"; };
		44E2EC682BC0736C00860D63 /* LaunchScreen.storyboard */ = {isa = PBXFileReference; lastKnownFileType = file.storyboard; path = LaunchScreen.storyboard; sourceTree = "<group>"; };
		44E836D72BC37986007A19FE /* CameraManager.swift */ = {isa = PBXFileReference; lastKnownFileType = sourcecode.swift; path = CameraManager.swift; sourceTree = "<group>"; };
		44E836D92BC6EDB6007A19FE /* AddCategoryView.swift */ = {isa = PBXFileReference; lastKnownFileType = sourcecode.swift; path = AddCategoryView.swift; sourceTree = "<group>"; };
/* End PBXFileReference section */

/* Begin PBXFrameworksBuildPhase section */
		4450DE982B850654007C0841 /* Frameworks */ = {
			isa = PBXFrameworksBuildPhase;
			buildActionMask = 2147483647;
			files = (
				44E836D02BC33306007A19FE /* SwiftUI_NotificationBanner in Frameworks */,
			);
			runOnlyForDeploymentPostprocessing = 0;
		};
/* End PBXFrameworksBuildPhase section */

/* Begin PBXGroup section */
		4450DE922B850654007C0841 = {
			isa = PBXGroup;
			children = (
				4450DE9C2B850654007C0841 /* Products */,
				4450DE9D2B850654007C0841 /* WheresMyStuff */,
			);
			sourceTree = "<group>";
		};
		4450DE9C2B850654007C0841 /* Products */ = {
			isa = PBXGroup;
			children = (
				4450DE9B2B850654007C0841 /* WheresMyStuff.app */,
			);
			name = Products;
			sourceTree = "<group>";
		};
		4450DE9D2B850654007C0841 /* WheresMyStuff */ = {
			isa = PBXGroup;
			children = (
				44651ADE2B9687DF009F2BFF /* Model */,
				44651ADF2B9687F6009F2BFF /* View */,
				4452A2042BB23D0D004FE96D /* Resources */,
				4450DEA22B850656007C0841 /* Assets.xcassets */,
				44E2EC682BC0736C00860D63 /* LaunchScreen.storyboard */,
				4450DEA42B850656007C0841 /* Preview Content */,
			);
			path = WheresMyStuff;
			sourceTree = "<group>";
		};
		4450DEA42B850656007C0841 /* Preview Content */ = {
			isa = PBXGroup;
			children = (
				4450DEA52B850656007C0841 /* Preview Assets.xcassets */,
			);
			path = "Preview Content";
			sourceTree = "<group>";
		};
		4452A2042BB23D0D004FE96D /* Resources */ = {
			isa = PBXGroup;
			children = (
				4452A2052BB23D20004FE96D /* Localizable.xcstrings */,
			);
			path = Resources;
			sourceTree = "<group>";
		};
		44651ADE2B9687DF009F2BFF /* Model */ = {
			isa = PBXGroup;
			children = (
				44592FAA2BA67EC80047E8B5 /* ImagePicker.swift */,
				4450DE9E2B850654007C0841 /* WheresMyStuffApp.swift */,
				44651ACF2B8EB802009F2BFF /* ItemDataModel.swift */,
				44651AD62B93B93B009F2BFF /* CategoryDataModel.swift */,
				44651ADC2B93EDE7009F2BFF /* Category.swift */,
				44651ADA2B93C003009F2BFF /* CustomContainer.swift */,
				44E836D72BC37986007A19FE /* CameraManager.swift */,
			);
			path = Model;
			sourceTree = "<group>";
		};
		44651ADF2B9687F6009F2BFF /* View */ = {
			isa = PBXGroup;
			children = (
				44E836D92BC6EDB6007A19FE /* AddCategoryView.swift */,
				4450DEB22B851790007C0841 /* AddItemView.swift */,
				4450DEA02B850654007C0841 /* BrowseView.swift */,
				44592F9C2BA36D310047E8B5 /* CategoryItemsListView.swift */,
				44651AD82B93BA15009F2BFF /* ContentView.swift */,
				44592FC42BACC8800047E8B5 /* EditFormView.swift */,
				44592F992BA139F50047E8B5 /* FormView.swift */,
				44592FC22BACB2790047E8B5 /* ImageView.swift */,
				44651AE02B977DF7009F2BFF /* ItemCardView.swift */,
				44651AD22B91013A009F2BFF /* ItemCell.swift */,
				44592F6F2B9FDB980047E8B5 /* ItemSheetView.swift */,
				44651AD42B918664009F2BFF /* ItemsListView.swift */,
				44651AE42B97C5D7009F2BFF /* RecentlyViewedView.swift */,
				4450DEB62B85A1B7007C0841 /* RecentsCards.swift */,
				4450DEB02B8515DD007C0841 /* SearchView.swift */,
				4450DEAE2B8513F6007C0841 /* TabBarView.swift */,
				44592FC62BACE20B0047E8B5 /* ZoomScrollView.swift */,
			);
			path = View;
			sourceTree = "<group>";
		};
/* End PBXGroup section */

/* Begin PBXNativeTarget section */
		4450DE9A2B850654007C0841 /* WheresMyStuff */ = {
			isa = PBXNativeTarget;
			buildConfigurationList = 4450DEA92B850656007C0841 /* Build configuration list for PBXNativeTarget "WheresMyStuff" */;
			buildPhases = (
				4450DE972B850654007C0841 /* Sources */,
				4450DE982B850654007C0841 /* Frameworks */,
				4450DE992B850654007C0841 /* Resources */,
			);
			buildRules = (
			);
			dependencies = (
			);
			name = WheresMyStuff;
			packageProductDependencies = (
				44E836CF2BC33306007A19FE /* SwiftUI_NotificationBanner */,
			);
			productName = WheresMyStuff;
			productReference = 4450DE9B2B850654007C0841 /* WheresMyStuff.app */;
			productType = "com.apple.product-type.application";
		};
/* End PBXNativeTarget section */

/* Begin PBXProject section */
		4450DE932B850654007C0841 /* Project object */ = {
			isa = PBXProject;
			attributes = {
				BuildIndependentTargetsInParallel = 1;
				LastSwiftUpdateCheck = 1520;
				LastUpgradeCheck = 1520;
				TargetAttributes = {
					4450DE9A2B850654007C0841 = {
						CreatedOnToolsVersion = 15.2;
					};
				};
			};
			buildConfigurationList = 4450DE962B850654007C0841 /* Build configuration list for PBXProject "WheresMyStuff" */;
			compatibilityVersion = "Xcode 14.0";
			developmentRegion = en;
			hasScannedForEncodings = 0;
			knownRegions = (
				en,
				Base,
				"es-419",
			);
			mainGroup = 4450DE922B850654007C0841;
			packageReferences = (
				44592FBF2BA9E3000047E8B5 /* XCRemoteSwiftPackageReference "SwiftUI_NotificationBanner" */,
			);
			productRefGroup = 4450DE9C2B850654007C0841 /* Products */;
			projectDirPath = "";
			projectRoot = "";
			targets = (
				4450DE9A2B850654007C0841 /* WheresMyStuff */,
			);
		};
/* End PBXProject section */

/* Begin PBXResourcesBuildPhase section */
		4450DE992B850654007C0841 /* Resources */ = {
			isa = PBXResourcesBuildPhase;
			buildActionMask = 2147483647;
			files = (
				4450DEA62B850656007C0841 /* Preview Assets.xcassets in Resources */,
				4450DEA32B850656007C0841 /* Assets.xcassets in Resources */,
				44E2EC692BC0736C00860D63 /* LaunchScreen.storyboard in Resources */,
				4452A2062BB23D20004FE96D /* Localizable.xcstrings in Resources */,
			);
			runOnlyForDeploymentPostprocessing = 0;
		};
/* End PBXResourcesBuildPhase section */

/* Begin PBXSourcesBuildPhase section */
		4450DE972B850654007C0841 /* Sources */ = {
			isa = PBXSourcesBuildPhase;
			buildActionMask = 2147483647;
			files = (
				4450DEB12B8515DD007C0841 /* SearchView.swift in Sources */,
				44592F702B9FDB980047E8B5 /* ItemSheetView.swift in Sources */,
				44651ADD2B93EDE7009F2BFF /* Category.swift in Sources */,
				44592F9D2BA36D310047E8B5 /* CategoryItemsListView.swift in Sources */,
				44651AD92B93BA15009F2BFF /* ContentView.swift in Sources */,
				44592FAB2BA67EC80047E8B5 /* ImagePicker.swift in Sources */,
				44651AD32B91013A009F2BFF /* ItemCell.swift in Sources */,
				4450DEA12B850654007C0841 /* BrowseView.swift in Sources */,
				44651AE12B977DF7009F2BFF /* ItemCardView.swift in Sources */,
				44592FC72BACE20B0047E8B5 /* ZoomScrollView.swift in Sources */,
				44E836D82BC37986007A19FE /* CameraManager.swift in Sources */,
				4450DEAF2B8513F6007C0841 /* TabBarView.swift in Sources */,
				4450DEB72B85A1B7007C0841 /* RecentsCards.swift in Sources */,
				44592FC32BACB2790047E8B5 /* ImageView.swift in Sources */,
				4450DE9F2B850654007C0841 /* WheresMyStuffApp.swift in Sources */,
				44651AE52B97C5D7009F2BFF /* RecentlyViewedView.swift in Sources */,
				44651AD02B8EB802009F2BFF /* ItemDataModel.swift in Sources */,
				44651ADB2B93C003009F2BFF /* CustomContainer.swift in Sources */,
				44E836DA2BC6EDB6007A19FE /* AddCategoryView.swift in Sources */,
				44651AD52B918664009F2BFF /* ItemsListView.swift in Sources */,
				44651AD72B93B93B009F2BFF /* CategoryDataModel.swift in Sources */,
				44592F9A2BA139F50047E8B5 /* FormView.swift in Sources */,
				4450DEB32B851790007C0841 /* AddItemView.swift in Sources */,
				44592FC52BACC8800047E8B5 /* EditFormView.swift in Sources */,
			);
			runOnlyForDeploymentPostprocessing = 0;
		};
/* End PBXSourcesBuildPhase section */

/* Begin XCBuildConfiguration section */
		4450DEA72B850656007C0841 /* Debug */ = {
			isa = XCBuildConfiguration;
			buildSettings = {
				ALWAYS_SEARCH_USER_PATHS = NO;
				ASSETCATALOG_COMPILER_GENERATE_SWIFT_ASSET_SYMBOL_EXTENSIONS = YES;
				CLANG_ANALYZER_NONNULL = YES;
				CLANG_ANALYZER_NUMBER_OBJECT_CONVERSION = YES_AGGRESSIVE;
				CLANG_CXX_LANGUAGE_STANDARD = "gnu++20";
				CLANG_ENABLE_MODULES = YES;
				CLANG_ENABLE_OBJC_ARC = YES;
				CLANG_ENABLE_OBJC_WEAK = YES;
				CLANG_WARN_BLOCK_CAPTURE_AUTORELEASING = YES;
				CLANG_WARN_BOOL_CONVERSION = YES;
				CLANG_WARN_COMMA = YES;
				CLANG_WARN_CONSTANT_CONVERSION = YES;
				CLANG_WARN_DEPRECATED_OBJC_IMPLEMENTATIONS = YES;
				CLANG_WARN_DIRECT_OBJC_ISA_USAGE = YES_ERROR;
				CLANG_WARN_DOCUMENTATION_COMMENTS = YES;
				CLANG_WARN_EMPTY_BODY = YES;
				CLANG_WARN_ENUM_CONVERSION = YES;
				CLANG_WARN_INFINITE_RECURSION = YES;
				CLANG_WARN_INT_CONVERSION = YES;
				CLANG_WARN_NON_LITERAL_NULL_CONVERSION = YES;
				CLANG_WARN_OBJC_IMPLICIT_RETAIN_SELF = YES;
				CLANG_WARN_OBJC_LITERAL_CONVERSION = YES;
				CLANG_WARN_OBJC_ROOT_CLASS = YES_ERROR;
				CLANG_WARN_QUOTED_INCLUDE_IN_FRAMEWORK_HEADER = YES;
				CLANG_WARN_RANGE_LOOP_ANALYSIS = YES;
				CLANG_WARN_STRICT_PROTOTYPES = YES;
				CLANG_WARN_SUSPICIOUS_MOVE = YES;
				CLANG_WARN_UNGUARDED_AVAILABILITY = YES_AGGRESSIVE;
				CLANG_WARN_UNREACHABLE_CODE = YES;
				CLANG_WARN__DUPLICATE_METHOD_MATCH = YES;
				COPY_PHASE_STRIP = NO;
				DEBUG_INFORMATION_FORMAT = dwarf;
				ENABLE_STRICT_OBJC_MSGSEND = YES;
				ENABLE_TESTABILITY = YES;
				ENABLE_USER_SCRIPT_SANDBOXING = YES;
				GCC_C_LANGUAGE_STANDARD = gnu17;
				GCC_DYNAMIC_NO_PIC = NO;
				GCC_NO_COMMON_BLOCKS = YES;
				GCC_OPTIMIZATION_LEVEL = 0;
				GCC_PREPROCESSOR_DEFINITIONS = (
					"DEBUG=1",
					"$(inherited)",
				);
				GCC_WARN_64_TO_32_BIT_CONVERSION = YES;
				GCC_WARN_ABOUT_RETURN_TYPE = YES_ERROR;
				GCC_WARN_UNDECLARED_SELECTOR = YES;
				GCC_WARN_UNINITIALIZED_AUTOS = YES_AGGRESSIVE;
				GCC_WARN_UNUSED_FUNCTION = YES;
				GCC_WARN_UNUSED_VARIABLE = YES;
				IPHONEOS_DEPLOYMENT_TARGET = 17.2;
				LOCALIZATION_PREFERS_STRING_CATALOGS = YES;
				MTL_ENABLE_DEBUG_INFO = INCLUDE_SOURCE;
				MTL_FAST_MATH = YES;
				ONLY_ACTIVE_ARCH = YES;
				SDKROOT = iphoneos;
				SWIFT_ACTIVE_COMPILATION_CONDITIONS = "DEBUG $(inherited)";
				SWIFT_OPTIMIZATION_LEVEL = "-Onone";
			};
			name = Debug;
		};
		4450DEA82B850656007C0841 /* Release */ = {
			isa = XCBuildConfiguration;
			buildSettings = {
				ALWAYS_SEARCH_USER_PATHS = NO;
				ASSETCATALOG_COMPILER_GENERATE_SWIFT_ASSET_SYMBOL_EXTENSIONS = YES;
				CLANG_ANALYZER_NONNULL = YES;
				CLANG_ANALYZER_NUMBER_OBJECT_CONVERSION = YES_AGGRESSIVE;
				CLANG_CXX_LANGUAGE_STANDARD = "gnu++20";
				CLANG_ENABLE_MODULES = YES;
				CLANG_ENABLE_OBJC_ARC = YES;
				CLANG_ENABLE_OBJC_WEAK = YES;
				CLANG_WARN_BLOCK_CAPTURE_AUTORELEASING = YES;
				CLANG_WARN_BOOL_CONVERSION = YES;
				CLANG_WARN_COMMA = YES;
				CLANG_WARN_CONSTANT_CONVERSION = YES;
				CLANG_WARN_DEPRECATED_OBJC_IMPLEMENTATIONS = YES;
				CLANG_WARN_DIRECT_OBJC_ISA_USAGE = YES_ERROR;
				CLANG_WARN_DOCUMENTATION_COMMENTS = YES;
				CLANG_WARN_EMPTY_BODY = YES;
				CLANG_WARN_ENUM_CONVERSION = YES;
				CLANG_WARN_INFINITE_RECURSION = YES;
				CLANG_WARN_INT_CONVERSION = YES;
				CLANG_WARN_NON_LITERAL_NULL_CONVERSION = YES;
				CLANG_WARN_OBJC_IMPLICIT_RETAIN_SELF = YES;
				CLANG_WARN_OBJC_LITERAL_CONVERSION = YES;
				CLANG_WARN_OBJC_ROOT_CLASS = YES_ERROR;
				CLANG_WARN_QUOTED_INCLUDE_IN_FRAMEWORK_HEADER = YES;
				CLANG_WARN_RANGE_LOOP_ANALYSIS = YES;
				CLANG_WARN_STRICT_PROTOTYPES = YES;
				CLANG_WARN_SUSPICIOUS_MOVE = YES;
				CLANG_WARN_UNGUARDED_AVAILABILITY = YES_AGGRESSIVE;
				CLANG_WARN_UNREACHABLE_CODE = YES;
				CLANG_WARN__DUPLICATE_METHOD_MATCH = YES;
				COPY_PHASE_STRIP = NO;
				DEBUG_INFORMATION_FORMAT = "dwarf-with-dsym";
				ENABLE_NS_ASSERTIONS = NO;
				ENABLE_STRICT_OBJC_MSGSEND = YES;
				ENABLE_USER_SCRIPT_SANDBOXING = YES;
				GCC_C_LANGUAGE_STANDARD = gnu17;
				GCC_NO_COMMON_BLOCKS = YES;
				GCC_WARN_64_TO_32_BIT_CONVERSION = YES;
				GCC_WARN_ABOUT_RETURN_TYPE = YES_ERROR;
				GCC_WARN_UNDECLARED_SELECTOR = YES;
				GCC_WARN_UNINITIALIZED_AUTOS = YES_AGGRESSIVE;
				GCC_WARN_UNUSED_FUNCTION = YES;
				GCC_WARN_UNUSED_VARIABLE = YES;
				IPHONEOS_DEPLOYMENT_TARGET = 17.2;
				LOCALIZATION_PREFERS_STRING_CATALOGS = YES;
				MTL_ENABLE_DEBUG_INFO = NO;
				MTL_FAST_MATH = YES;
				SDKROOT = iphoneos;
				SWIFT_COMPILATION_MODE = wholemodule;
				VALIDATE_PRODUCT = YES;
			};
			name = Release;
		};
		4450DEAA2B850656007C0841 /* Debug */ = {
			isa = XCBuildConfiguration;
			buildSettings = {
				ASSETCATALOG_COMPILER_APPICON_NAME = AppIcon;
				ASSETCATALOG_COMPILER_GLOBAL_ACCENT_COLOR_NAME = AccentColor;
				CODE_SIGN_ENTITLEMENTS = WheresMyStuff/WheresMyStuff.entitlements;
				CODE_SIGN_STYLE = Automatic;
				CURRENT_PROJECT_VERSION = 1;
				DEVELOPMENT_ASSET_PATHS = "\"WheresMyStuff/Preview Content\"";
				DEVELOPMENT_TEAM = 9Q257VGY8J;
				ENABLE_PREVIEWS = YES;
				GENERATE_INFOPLIST_FILE = YES;
				INFOPLIST_FILE = WheresMyStuff/Info.plist;
				INFOPLIST_KEY_CFBundleDisplayName = "";
				INFOPLIST_KEY_LSApplicationCategoryType = "";
				INFOPLIST_KEY_NSCameraUsageDescription = "To add images to your items";
				INFOPLIST_KEY_UIApplicationSceneManifest_Generation = YES;
				INFOPLIST_KEY_UIApplicationSupportsIndirectInputEvents = YES;
				INFOPLIST_KEY_UILaunchStoryboardName = LaunchScreen.storyboard;
				INFOPLIST_KEY_UIRequiresFullScreen = NO;
				INFOPLIST_KEY_UISupportedInterfaceOrientations = UIInterfaceOrientationPortrait;
				INFOPLIST_KEY_UISupportedInterfaceOrientations_iPad = UIInterfaceOrientationLandscapeLeft;
				INFOPLIST_KEY_UIUserInterfaceStyle = Dark;
				IPHONEOS_DEPLOYMENT_TARGET = 17.0;
				LD_RUNPATH_SEARCH_PATHS = (
					"$(inherited)",
					"@executable_path/Frameworks",
				);
				MARKETING_VERSION = 1.0;
				PRODUCT_BUNDLE_IDENTIFIER = com.andresvillarroel.WheresMyStuff;
				PRODUCT_NAME = "$(TARGET_NAME)";
				SUPPORTED_PLATFORMS = "iphoneos iphonesimulator";
				SUPPORTS_MACCATALYST = NO;
				SUPPORTS_MAC_DESIGNED_FOR_IPHONE_IPAD = NO;
				SUPPORTS_XR_DESIGNED_FOR_IPHONE_IPAD = NO;
				SWIFT_EMIT_LOC_STRINGS = YES;
				SWIFT_VERSION = 5.0;
				TARGETED_DEVICE_FAMILY = 1;
			};
			name = Debug;
		};
		4450DEAB2B850656007C0841 /* Release */ = {
			isa = XCBuildConfiguration;
			buildSettings = {
				ASSETCATALOG_COMPILER_APPICON_NAME = AppIcon;
				ASSETCATALOG_COMPILER_GLOBAL_ACCENT_COLOR_NAME = AccentColor;
				CODE_SIGN_ENTITLEMENTS = WheresMyStuff/WheresMyStuff.entitlements;
				CODE_SIGN_STYLE = Automatic;
				CURRENT_PROJECT_VERSION = 1;
				DEVELOPMENT_ASSET_PATHS = "\"WheresMyStuff/Preview Content\"";
				DEVELOPMENT_TEAM = 9Q257VGY8J;
				ENABLE_PREVIEWS = YES;
				GENERATE_INFOPLIST_FILE = YES;
				INFOPLIST_FILE = WheresMyStuff/Info.plist;
				INFOPLIST_KEY_CFBundleDisplayName = "";
				INFOPLIST_KEY_LSApplicationCategoryType = "";
				INFOPLIST_KEY_NSCameraUsageDescription = "To add images to your items";
				INFOPLIST_KEY_UIApplicationSceneManifest_Generation = YES;
				INFOPLIST_KEY_UIApplicationSupportsIndirectInputEvents = YES;
				INFOPLIST_KEY_UILaunchStoryboardName = LaunchScreen.storyboard;
				INFOPLIST_KEY_UIRequiresFullScreen = NO;
				INFOPLIST_KEY_UISupportedInterfaceOrientations = UIInterfaceOrientationPortrait;
				INFOPLIST_KEY_UISupportedInterfaceOrientations_iPad = UIInterfaceOrientationLandscapeLeft;
				INFOPLIST_KEY_UIUserInterfaceStyle = Dark;
				IPHONEOS_DEPLOYMENT_TARGET = 17.0;
				LD_RUNPATH_SEARCH_PATHS = (
					"$(inherited)",
					"@executable_path/Frameworks",
				);
				MARKETING_VERSION = 1.0;
				PRODUCT_BUNDLE_IDENTIFIER = com.andresvillarroel.WheresMyStuff;
				PRODUCT_NAME = "$(TARGET_NAME)";
				SUPPORTED_PLATFORMS = "iphoneos iphonesimulator";
				SUPPORTS_MACCATALYST = NO;
				SUPPORTS_MAC_DESIGNED_FOR_IPHONE_IPAD = NO;
				SUPPORTS_XR_DESIGNED_FOR_IPHONE_IPAD = NO;
				SWIFT_EMIT_LOC_STRINGS = YES;
				SWIFT_VERSION = 5.0;
				TARGETED_DEVICE_FAMILY = 1;
			};
			name = Release;
		};
/* End XCBuildConfiguration section */

/* Begin XCConfigurationList section */
		4450DE962B850654007C0841 /* Build configuration list for PBXProject "WheresMyStuff" */ = {
			isa = XCConfigurationList;
			buildConfigurations = (
				4450DEA72B850656007C0841 /* Debug */,
				4450DEA82B850656007C0841 /* Release */,
			);
			defaultConfigurationIsVisible = 0;
			defaultConfigurationName = Release;
		};
		4450DEA92B850656007C0841 /* Build configuration list for PBXNativeTarget "WheresMyStuff" */ = {
			isa = XCConfigurationList;
			buildConfigurations = (
				4450DEAA2B850656007C0841 /* Debug */,
				4450DEAB2B850656007C0841 /* Release */,
			);
			defaultConfigurationIsVisible = 0;
			defaultConfigurationName = Release;
		};
/* End XCConfigurationList section */

/* Begin XCRemoteSwiftPackageReference section */
		44592FBF2BA9E3000047E8B5 /* XCRemoteSwiftPackageReference "SwiftUI_NotificationBanner" */ = {
			isa = XCRemoteSwiftPackageReference;
			repositoryURL = "https://github.com/DominikButz/SwiftUI_NotificationBanner.git";
			requirement = {
				kind = upToNextMajorVersion;
				minimumVersion = 0.3.0;
			};
		};
/* End XCRemoteSwiftPackageReference section */

/* Begin XCSwiftPackageProductDependency section */
		44E836CF2BC33306007A19FE /* SwiftUI_NotificationBanner */ = {
			isa = XCSwiftPackageProductDependency;
			package = 44592FBF2BA9E3000047E8B5 /* XCRemoteSwiftPackageReference "SwiftUI_NotificationBanner" */;
			productName = SwiftUI_NotificationBanner;
		};
/* End XCSwiftPackageProductDependency section */
	};
	rootObject = 4450DE932B850654007C0841 /* Project object */;
}
