{
  "originHash" : "76ef4d9a842195ec3d917f06fa06b120b8416a4091522b4765cbda7339ee8fac",
  "pins" : [
    {
      "identity" : "swiftui_notificationbanner",
      "kind" : "remoteSourceControl",
      "location" : "https://github.com/DominikButz/SwiftUI_NotificationBanner.git",
      "state" : {
        "revision" : "442f4ab1dcca5611c377336dfae90e03ecec5d74",
        "version" : "0.3.0"
      }
    }
  ],
  "version" : 3
}
